
Microsoft Visual Studio Solution File, Format Version 12.00
# Visual Studio Version 16
VisualStudioVersion = 16.0.30503.244
MinimumVisualStudioVersion = 10.0.40219.1
Project("{9A19103F-16F7-4668-BE54-9A1E7A4F7556}") = "ApiPlayground", "ApiPlayground\ApiPlayground.csproj", "{7597EC0E-5E2C-4C69-B542-41B21E4FE5E4}"
EndProject
Project("{9A19103F-16F7-4668-BE54-9A1E7A4F7556}") = "ClassLibrary1", "ClassLibrary1\ClassLibrary1.csproj", "{672EC2C9-0882-4066-93C7-C3B9F6B2D5E1}"
EndProject
Project("{2150E333-8FDC-42A3-9474-1A3956D46DE8}") = "tests", "tests", "{CB3F3068-D8A5-4A53-B34C-15D45FD6C732}"
EndProject
Project("{9A19103F-16F7-4668-BE54-9A1E7A4F7556}") = "ApiPlayground.Test", "ApiPlayground.Test\ApiPlayground.Test.csproj", "{04F6952D-B1D6-4C94-89BC-24BB7EFF6B42}"
EndProject
Project("{9A19103F-16F7-4668-BE54-9A1E7A4F7556}") = "MvcModule", "MvcModule\MvcModule.csproj", "{060D4222-D25B-4B5B-8B4C-ED21E1B50D98}"
EndProject
Project("{9A19103F-16F7-4668-BE54-9A1E7A4F7556}") = "Playground.Core", "Playground.Core\Playground.Core.csproj", "{6D3E895A-6C87-4623-B3A6-493CAADE13AE}"
EndProject
Project("{FAE04EC0-301F-11D3-BF4B-00C04F79EFBC}") = "Api.Aws", "Api.Aws\Api.Aws.csproj", "{8B363736-75EC-4512-8B65-EEDB95411ACE}"
EndProject
Project("{FAE04EC0-301F-11D3-BF4B-00C04F79EFBC}") = "ConsoleTests", "ConsoleTests\ConsoleTests.csproj", "{94114BB8-E457-4E59-827C-0C8852DCA061}"
EndProject
Global
	GlobalSection(SolutionConfigurationPlatforms) = preSolution
		Debug|Any CPU = Debug|Any CPU
		Release|Any CPU = Release|Any CPU
	EndGlobalSection
	GlobalSection(ProjectConfigurationPlatforms) = postSolution
		{7597EC0E-5E2C-4C69-B542-41B21E4FE5E4}.Debug|Any CPU.ActiveCfg = Debug|Any CPU
		{7597EC0E-5E2C-4C69-B542-41B21E4FE5E4}.Debug|Any CPU.Build.0 = Debug|Any CPU
		{7597EC0E-5E2C-4C69-B542-41B21E4FE5E4}.Release|Any CPU.ActiveCfg = Release|Any CPU
		{7597EC0E-5E2C-4C69-B542-41B21E4FE5E4}.Release|Any CPU.Build.0 = Release|Any CPU
		{672EC2C9-0882-4066-93C7-C3B9F6B2D5E1}.Debug|Any CPU.ActiveCfg = Debug|Any CPU
		{672EC2C9-0882-4066-93C7-C3B9F6B2D5E1}.Debug|Any CPU.Build.0 = Debug|Any CPU
		{672EC2C9-0882-4066-93C7-C3B9F6B2D5E1}.Release|Any CPU.ActiveCfg = Release|Any CPU
		{672EC2C9-0882-4066-93C7-C3B9F6B2D5E1}.Release|Any CPU.Build.0 = Release|Any CPU
		{04F6952D-B1D6-4C94-89BC-24BB7EFF6B42}.Debug|Any CPU.ActiveCfg = Debug|Any CPU
		{04F6952D-B1D6-4C94-89BC-24BB7EFF6B42}.Debug|Any CPU.Build.0 = Debug|Any CPU
		{04F6952D-B1D6-4C94-89BC-24BB7EFF6B42}.Release|Any CPU.ActiveCfg = Release|Any CPU
		{04F6952D-B1D6-4C94-89BC-24BB7EFF6B42}.Release|Any CPU.Build.0 = Release|Any CPU
		{060D4222-D25B-4B5B-8B4C-ED21E1B50D98}.Debug|Any CPU.ActiveCfg = Debug|Any CPU
		{060D4222-D25B-4B5B-8B4C-ED21E1B50D98}.Debug|Any CPU.Build.0 = Debug|Any CPU
		{060D4222-D25B-4B5B-8B4C-ED21E1B50D98}.Release|Any CPU.ActiveCfg = Release|Any CPU
		{060D4222-D25B-4B5B-8B4C-ED21E1B50D98}.Release|Any CPU.Build.0 = Release|Any CPU
		{6D3E895A-6C87-4623-B3A6-493CAADE13AE}.Debug|Any CPU.ActiveCfg = Debug|Any CPU
		{6D3E895A-6C87-4623-B3A6-493CAADE13AE}.Debug|Any CPU.Build.0 = Debug|Any CPU
		{6D3E895A-6C87-4623-B3A6-493CAADE13AE}.Release|Any CPU.ActiveCfg = Release|Any CPU
		{6D3E895A-6C87-4623-B3A6-493CAADE13AE}.Release|Any CPU.Build.0 = Release|Any CPU
		{8B363736-75EC-4512-8B65-EEDB95411ACE}.Debug|Any CPU.ActiveCfg = Debug|Any CPU
		{8B363736-75EC-4512-8B65-EEDB95411ACE}.Debug|Any CPU.Build.0 = Debug|Any CPU
		{8B363736-75EC-4512-8B65-EEDB95411ACE}.Release|Any CPU.ActiveCfg = Release|Any CPU
		{8B363736-75EC-4512-8B65-EEDB95411ACE}.Release|Any CPU.Build.0 = Release|Any CPU
		{94114BB8-E457-4E59-827C-0C8852DCA061}.Debug|Any CPU.ActiveCfg = Debug|Any CPU
		{94114BB8-E457-4E59-827C-0C8852DCA061}.Debug|Any CPU.Build.0 = Debug|Any CPU
		{94114BB8-E457-4E59-827C-0C8852DCA061}.Release|Any CPU.ActiveCfg = Release|Any CPU
		{94114BB8-E457-4E59-827C-0C8852DCA061}.Release|Any CPU.Build.0 = Release|Any CPU
	EndGlobalSection
	GlobalSection(SolutionProperties) = preSolution
		HideSolutionNode = FALSE
	EndGlobalSection
	GlobalSection(NestedProjects) = preSolution
		{04F6952D-B1D6-4C94-89BC-24BB7EFF6B42} = {CB3F3068-D8A5-4A53-B34C-15D45FD6C732}
	EndGlobalSection
	GlobalSection(ExtensibilityGlobals) = postSolution
		SolutionGuid = {3D635A92-BE6D-4B86-AB69-93BA36755D57}
	EndGlobalSection
EndGlobal
